
Microsoft Visual Studio Solution File, Format Version 12.00
# Visual Studio Version 16
VisualStudioVersion = 16.0.30804.86
MinimumVisualStudioVersion = 10.0.40219.1
Project("{FAE04EC0-301F-11D3-BF4B-00C04F79EFBC}") = "edPractPart2", "edPractPart2\edPractPart2.csproj", "{CFBD58FD-5115-4B12-A611-AD05D277252C}"
EndProject
Global
	GlobalSection(SolutionConfigurationPlatforms) = preSolution
		Debug|Any CPU = Debug|Any CPU
		Release|Any CPU = Release|Any CPU
	EndGlobalSection
	GlobalSection(ProjectConfigurationPlatforms) = postSolution
		{CFBD58FD-5115-4B12-A611-AD05D277252C}.Debug|Any CPU.ActiveCfg = Debug|Any CPU
		{CFBD58FD-5115-4B12-A611-AD05D277252C}.Debug|Any CPU.Build.0 = Debug|Any CPU
		{CFBD58FD-5115-4B12-A611-AD05D277252C}.Release|Any CPU.ActiveCfg = Release|Any CPU
		{CFBD58FD-5115-4B12-A611-AD05D277252C}.Release|Any CPU.Build.0 = Release|Any CPU
	EndGlobalSection
	GlobalSection(SolutionProperties) = preSolution
		HideSolutionNode = FALSE
	EndGlobalSection
	GlobalSection(ExtensibilityGlobals) = postSolution
		SolutionGuid = {ED4937A9-FD8C-4B4B-8BEF-4AFBF019C8E8}
	EndGlobalSection
EndGlobal
